// !$*UTF8*$!
{
	archiveVersion = 1;
	classes = {
	};
	objectVersion = 77;
	objects = {

/* Begin PBXBuildFile section */
		0458E65F449547EF63BE5880 /* DreamScapeTests.swift in Sources */ = {isa = PBXBuildFile; fileRef = 6515B6300C9A17E1A03F743D /* DreamScapeTests.swift */; };
		26759B2E648506B2B2AA3DD2 /* Assets.xcassets in Resources */ = {isa = PBXBuildFile; fileRef = 2DB77E3091890A5697732726 /* Assets.xcassets */; };
		3245177C8C3852F2B892E1DD /* DreamScapeApp.swift in Sources */ = {isa = PBXBuildFile; fileRef = 6E654769401F77D3ABEB2755 /* DreamScapeApp.swift */; };
		893639FB938E7A09998EA5C5 /* ContentView.swift in Sources */ = {isa = PBXBuildFile; fileRef = EBCA47501124104B696CB3A2 /* ContentView.swift */; };
/* End PBXBuildFile section */

/* Begin PBXContainerItemProxy section */
		6A6EFEEDA837727550510970 /* PBXContainerItemProxy */ = {
			isa = PBXContainerItemProxy;
			containerPortal = 539BFDD820806A2FD150151A /* Project object */;
			proxyType = 1;
			remoteGlobalIDString = AA64D66C99CCB2F41BC3D1B5;
			remoteInfo = DreamScape;
		};
/* End PBXContainerItemProxy section */

/* Begin PBXFileReference section */
		2DB77E3091890A5697732726 /* Assets.xcassets */ = {isa = PBXFileReference; lastKnownFileType = folder.assetcatalog; path = Assets.xcassets; sourceTree = "<group>"; };
		6515B6300C9A17E1A03F743D /* DreamScapeTests.swift */ = {isa = PBXFileReference; lastKnownFileType = sourcecode.swift; path = DreamScapeTests.swift; sourceTree = "<group>"; };
		6E654769401F77D3ABEB2755 /* DreamScapeApp.swift */ = {isa = PBXFileReference; lastKnownFileType = sourcecode.swift; path = DreamScapeApp.swift; sourceTree = "<group>"; };
		825CB5BC7A7B56A21C63BE14 /* DreamScape.app */ = {isa = PBXFileReference; includeInIndex = 0; lastKnownFileType = wrapper.application; path = DreamScape.app; sourceTree = BUILT_PRODUCTS_DIR; };
		84489D985408A03E27F4DE68 /* Info.plist */ = {isa = PBXFileReference; lastKnownFileType = text.plist; path = Info.plist; sourceTree = "<group>"; };
		ADB6C349BDC0BED6CE619973 /* DreamScapeTests.xctest */ = {isa = PBXFileReference; includeInIndex = 0; lastKnownFileType = wrapper.cfbundle; path = DreamScapeTests.xctest; sourceTree = BUILT_PRODUCTS_DIR; };
		EBCA47501124104B696CB3A2 /* ContentView.swift */ = {isa = PBXFileReference; lastKnownFileType = sourcecode.swift; path = ContentView.swift; sourceTree = "<group>"; };
		F90F1D642CE7AB42852BB7DF /* DreamScape.entitlements */ = {isa = PBXFileReference; lastKnownFileType = text.plist.entitlements; path = DreamScape.entitlements; sourceTree = "<group>"; };
/* End PBXFileReference section */

/* Begin PBXGroup section */
		12CA6EF34C68A3B88C9E2F7A /* DreamScapeTests */ = {
			isa = PBXGroup;
			children = (
				6515B6300C9A17E1A03F743D /* DreamScapeTests.swift */,
			);
			path = DreamScapeTests;
			sourceTree = "<group>";
		};
		A848D0264C765798BCE540D0 = {
			isa = PBXGroup;
			children = (
				E977EAA341B52951746EF4C8 /* DreamScape */,
				12CA6EF34C68A3B88C9E2F7A /* DreamScapeTests */,
				C83ACC8A7FA99C80F55BAD59 /* Products */,
			);
			sourceTree = "<group>";
		};
		C83ACC8A7FA99C80F55BAD59 /* Products */ = {
			isa = PBXGroup;
			children = (
				825CB5BC7A7B56A21C63BE14 /* DreamScape.app */,
				ADB6C349BDC0BED6CE619973 /* DreamScapeTests.xctest */,
			);
			name = Products;
			sourceTree = "<group>";
		};
		E977EAA341B52951746EF4C8 /* DreamScape */ = {
			isa = PBXGroup;
			children = (
				2DB77E3091890A5697732726 /* Assets.xcassets */,
				EBCA47501124104B696CB3A2 /* ContentView.swift */,
				F90F1D642CE7AB42852BB7DF /* DreamScape.entitlements */,
				6E654769401F77D3ABEB2755 /* DreamScapeApp.swift */,
				84489D985408A03E27F4DE68 /* Info.plist */,
			);
			path = DreamScape;
			sourceTree = "<group>";
		};
/* End PBXGroup section */

/* Begin PBXNativeTarget section */
		AA64D66C99CCB2F41BC3D1B5 /* DreamScape */ = {
			isa = PBXNativeTarget;
			buildConfigurationList = 809989FE313ABDE07FDD21A1 /* Build configuration list for PBXNativeTarget "DreamScape" */;
			buildPhases = (
				BDEE5A7CDBBA9E6CF01FE80C /* Sources */,
				5E96FAE7F86411840DE12579 /* Resources */,
			);
			buildRules = (
			);
			dependencies = (
			);
			name = DreamScape;
			packageProductDependencies = (
			);
			productName = DreamScape;
			productReference = 825CB5BC7A7B56A21C63BE14 /* DreamScape.app */;
			productType = "com.apple.product-type.application";
		};
		FFAEB44777E1DF42BCB5905C /* DreamScapeTests */ = {
			isa = PBXNativeTarget;
			buildConfigurationList = 522EFEE8C387ED1F0A12775A /* Build configuration list for PBXNativeTarget "DreamScapeTests" */;
			buildPhases = (
				2D968B1B6B60E9E13A9CCFDF /* Sources */,
			);
			buildRules = (
			);
			dependencies = (
				D0258FE20474A9675BBBD333 /* PBXTargetDependency */,
			);
			name = DreamScapeTests;
			packageProductDependencies = (
			);
			productName = DreamScapeTests;
			productReference = ADB6C349BDC0BED6CE619973 /* DreamScapeTests.xctest */;
			productType = "com.apple.product-type.bundle.unit-test";
		};
/* End PBXNativeTarget section */

/* Begin PBXProject section */
		539BFDD820806A2FD150151A /* Project object */ = {
			isa = PBXProject;
			attributes = {
				BuildIndependentTargetsInParallel = YES;
				LastUpgradeCheck = 1600;
				TargetAttributes = {
					AA64D66C99CCB2F41BC3D1B5 = {
						DevelopmentTeam = 8643C988C4;
						ProvisioningStyle = Automatic;
					};
				};
			};
			buildConfigurationList = 941B04CF9BB9243DC2436322 /* Build configuration list for PBXProject "DreamScape" */;
			compatibilityVersion = "Xcode 14.0";
			developmentRegion = en;
			hasScannedForEncodings = 0;
			knownRegions = (
				Base,
				en,
			);
			mainGroup = A848D0264C765798BCE540D0;
			minimizedProjectReferenceProxies = 1;
			preferredProjectObjectVersion = 77;
			projectDirPath = "";
			projectRoot = "";
			targets = (
				AA64D66C99CCB2F41BC3D1B5 /* DreamScape */,
				FFAEB44777E1DF42BCB5905C /* DreamScapeTests */,
			);
		};
/* End PBXProject section */

/* Begin PBXResourcesBuildPhase section */
		5E96FAE7F86411840DE12579 /* Resources */ = {
			isa = PBXResourcesBuildPhase;
			buildActionMask = 2147483647;
			files = (
				26759B2E648506B2B2AA3DD2 /* Assets.xcassets in Resources */,
			);
			runOnlyForDeploymentPostprocessing = 0;
		};
/* End PBXResourcesBuildPhase section */

/* Begin PBXSourcesBuildPhase section */
		2D968B1B6B60E9E13A9CCFDF /* Sources */ = {
			isa = PBXSourcesBuildPhase;
			buildActionMask = 2147483647;
			files = (
				0458E65F449547EF63BE5880 /* DreamScapeTests.swift in Sources */,
			);
			runOnlyForDeploymentPostprocessing = 0;
		};
		BDEE5A7CDBBA9E6CF01FE80C /* Sources */ = {
			isa = PBXSourcesBuildPhase;
			buildActionMask = 2147483647;
			files = (
				893639FB938E7A09998EA5C5 /* ContentView.swift in Sources */,
				3245177C8C3852F2B892E1DD /* DreamScapeApp.swift in Sources */,
			);
			runOnlyForDeploymentPostprocessing = 0;
		};
/* End PBXSourcesBuildPhase section */

/* Begin PBXTargetDependency section */
		D0258FE20474A9675BBBD333 /* PBXTargetDependency */ = {
			isa = PBXTargetDependency;
			target = AA64D66C99CCB2F41BC3D1B5 /* DreamScape */;
			targetProxy = 6A6EFEEDA837727550510970 /* PBXContainerItemProxy */;
		};
/* End PBXTargetDependency section */

/* Begin XCBuildConfiguration section */
		3413EAB4382FA69635407294 /* Release */ = {
			isa = XCBuildConfiguration;
			buildSettings = {
				BUNDLE_LOADER = "$(TEST_HOST)";
				LD_RUNPATH_SEARCH_PATHS = (
					"$(inherited)",
					"@executable_path/Frameworks",
					"@loader_path/Frameworks",
				);
				PRODUCT_BUNDLE_IDENTIFIER = com.openclaw.dreamscape.tests;
				SDKROOT = iphoneos;
				TARGETED_DEVICE_FAMILY = "1,2";
				TEST_HOST = "$(BUILT_PRODUCTS_DIR)/DreamScape.app/DreamScape";
			};
			name = Release;
		};
		53352255C69032E49E42CDB2 /* Debug */ = {
			isa = XCBuildConfiguration;
			buildSettings = {
				BUNDLE_LOADER = "$(TEST_HOST)";
				LD_RUNPATH_SEARCH_PATHS = (
					"$(inherited)",
					"@executable_path/Frameworks",
					"@loader_path/Frameworks",
				);
				PRODUCT_BUNDLE_IDENTIFIER = com.openclaw.dreamscape.tests;
				SDKROOT = iphoneos;
				TARGETED_DEVICE_FAMILY = "1,2";
				TEST_HOST = "$(BUILT_PRODUCTS_DIR)/DreamScape.app/DreamScape";
			};
			name = Debug;
		};
		60EBDEF3AC74C4B0A515994D /* Debug */ = {
			isa = XCBuildConfiguration;
			buildSettings = {
				ASSETCATALOG_COMPILER_APPICON_NAME = AppIcon;
				CODE_SIGN_IDENTITY = "iPhone Developer";
				CODE_SIGN_STYLE = Automatic;
				CURRENT_PROJECT_VERSION = 1;
				DEVELOPMENT_TEAM = 8643C988C4;
				INFOPLIST_FILE = DreamScape/Info.plist;
				LD_RUNPATH_SEARCH_PATHS = (
					"$(inherited)",
					"@executable_path/Frameworks",
				);
				MARKETING_VERSION = 1.0.0;
				PRODUCT_BUNDLE_IDENTIFIER = com.openclaw.dreamscape;
				SDKROOT = iphoneos;
				TARGETED_DEVICE_FAMILY = "1,2";
			};
			name = Debug;
		};
		6CFC36CC9DADA4FA1E02813A /* Release */ = {
			isa = XCBuildConfiguration;
			buildSettings = {
				ASSETCATALOG_COMPILER_APPICON_NAME = AppIcon;
				CODE_SIGN_IDENTITY = "iPhone Developer";
				CODE_SIGN_STYLE = Automatic;
				CURRENT_PROJECT_VERSION = 1;
				DEVELOPMENT_TEAM = 8643C988C4;
				INFOPLIST_FILE = DreamScape/Info.plist;
				LD_RUNPATH_SEARCH_PATHS = (
					"$(inherited)",
					"@executable_path/Frameworks",
				);
				MARKETING_VERSION = 1.0.0;
				PRODUCT_BUNDLE_IDENTIFIER = com.openclaw.dreamscape;
				SDKROOT = iphoneos;
				TARGETED_DEVICE_FAMILY = "1,2";
			};
			name = Release;
		};
		C53CD4215B3E63215A4DE2ED /* Debug */ = {
			isa = XCBuildConfiguration;
			buildSettings = {
				ALWAYS_SEARCH_USER_PATHS = NO;
				CLANG_ANALYZER_NONNULL = YES;
				CLANG_ANALYZER_NUMBER_OBJECT_CONVERSION = YES_AGGRESSIVE;
				CLANG_CXX_LANGUAGE_STANDARD = "gnu++14";
				CLANG_CXX_LIBRARY = "libc++";
				CLANG_ENABLE_MODULES = YES;
				CLANG_ENABLE_OBJC_ARC = YES;
				CLANG_ENABLE_OBJC_WEAK = YES;
				CLANG_WARN_BLOCK_CAPTURE_AUTORELEASING = YES;
				CLANG_WARN_BOOL_CONVERSION = YES;
				CLANG_WARN_COMMA = YES;
				CLANG_WARN_CONSTANT_CONVERSION = YES;
				CLANG_WARN_DEPRECATED_OBJC_IMPLEMENTATIONS = YES;
				CLANG_WARN_DIRECT_OBJC_ISA_USAGE = YES_ERROR;
				CLANG_WARN_DOCUMENTATION_COMMENTS = YES;
				CLANG_WARN_EMPTY_BODY = YES;
				CLANG_WARN_ENUM_CONVERSION = YES;
				CLANG_WARN_INFINITE_RECURSION = YES;
				CLANG_WARN_INT_CONVERSION = YES;
				CLANG_WARN_NON_LITERAL_NULL_CONVERSION = YES;
				CLANG_WARN_OBJC_IMPLICIT_RETAIN_SELF = YES;
				CLANG_WARN_OBJC_LITERAL_CONVERSION = YES;
				CLANG_WARN_OBJC_ROOT_CLASS = YES_ERROR;
				CLANG_WARN_QUOTED_INCLUDE_IN_FRAMEWORK_HEADER = YES;
				CLANG_WARN_RANGE_LOOP_ANALYSIS = YES;
				CLANG_WARN_STRICT_PROTOTYPES = YES;
				CLANG_WARN_SUSPICIOUS_MOVE = YES;
				CLANG_WARN_UNGUARDED_AVAILABILITY = YES_AGGRESSIVE;
				CLANG_WARN_UNREACHABLE_CODE = YES;
				CLANG_WARN__DUPLICATE_METHOD_MATCH = YES;
				COPY_PHASE_STRIP = NO;
				DEBUG_INFORMATION_FORMAT = dwarf;
				ENABLE_STRICT_OBJC_MSGSEND = YES;
				ENABLE_TESTABILITY = YES;
				GCC_C_LANGUAGE_STANDARD = gnu11;
				GCC_DYNAMIC_NO_PIC = NO;
				GCC_NO_COMMON_BLOCKS = YES;
				GCC_OPTIMIZATION_LEVEL = 0;
				GCC_PREPROCESSOR_DEFINITIONS = (
					"$(inherited)",
					"DEBUG=1",
				);
				GCC_WARN_64_TO_32_BIT_CONVERSION = YES;
				GCC_WARN_ABOUT_RETURN_TYPE = YES_ERROR;
				GCC_WARN_UNDECLARED_SELECTOR = YES;
				GCC_WARN_UNINITIALIZED_AUTOS = YES_AGGRESSIVE;
				GCC_WARN_UNUSED_FUNCTION = YES;
				GCC_WARN_UNUSED_VARIABLE = YES;
				IPHONEOS_DEPLOYMENT_TARGET = 17.0;
				MTL_ENABLE_DEBUG_INFO = INCLUDE_SOURCE;
				MTL_FAST_MATH = YES;
				ONLY_ACTIVE_ARCH = YES;
				PRODUCT_NAME = "$(TARGET_NAME)";
				SDKROOT = iphoneos;
				SWIFT_ACTIVE_COMPILATION_CONDITIONS = DEBUG;
				SWIFT_OPTIMIZATION_LEVEL = "-Onone";
				SWIFT_STRICT_CONCURRENCY = complete;
				SWIFT_VERSION = 6;
				TARGETED_DEVICE_FAMILY = 1;
			};
			name = Debug;
		};
		D2C95D952274F52ABE74FCF4 /* Release */ = {
			isa = XCBuildConfiguration;
			buildSettings = {
				ALWAYS_SEARCH_USER_PATHS = NO;
				CLANG_ANALYZER_NONNULL = YES;
				CLANG_ANALYZER_NUMBER_OBJECT_CONVERSION = YES_AGGRESSIVE;
				CLANG_CXX_LANGUAGE_STANDARD = "gnu++14";
				CLANG_CXX_LIBRARY = "libc++";
				CLANG_ENABLE_MODULES = YES;
				CLANG_ENABLE_OBJC_ARC = YES;
				CLANG_ENABLE_OBJC_WEAK = YES;
				CLANG_WARN_BLOCK_CAPTURE_AUTORELEASING = YES;
				CLANG_WARN_BOOL_CONVERSION = YES;
				CLANG_WARN_COMMA = YES;
				CLANG_WARN_CONSTANT_CONVERSION = YES;
				CLANG_WARN_DEPRECATED_OBJC_IMPLEMENTATIONS = YES;
				CLANG_WARN_DIRECT_OBJC_ISA_USAGE = YES_ERROR;
				CLANG_WARN_DOCUMENTATION_COMMENTS = YES;
				CLANG_WARN_EMPTY_BODY = YES;
				CLANG_WARN_ENUM_CONVERSION = YES;
				CLANG_WARN_INFINITE_RECURSION = YES;
				CLANG_WARN_INT_CONVERSION = YES;
				CLANG_WARN_NON_LITERAL_NULL_CONVERSION = YES;
				CLANG_WARN_OBJC_IMPLICIT_RETAIN_SELF = YES;
				CLANG_WARN_OBJC_LITERAL_CONVERSION = YES;
				CLANG_WARN_OBJC_ROOT_CLASS = YES_ERROR;
				CLANG_WARN_QUOTED_INCLUDE_IN_FRAMEWORK_HEADER = YES;
				CLANG_WARN_RANGE_LOOP_ANALYSIS = YES;
				CLANG_WARN_STRICT_PROTOTYPES = YES;
				CLANG_WARN_SUSPICIOUS_MOVE = YES;
				CLANG_WARN_UNGUARDED_AVAILABILITY = YES_AGGRESSIVE;
				CLANG_WARN_UNREACHABLE_CODE = YES;
				CLANG_WARN__DUPLICATE_METHOD_MATCH = YES;
				COPY_PHASE_STRIP = NO;
				DEBUG_INFORMATION_FORMAT = "dwarf-with-dsym";
				ENABLE_NS_ASSERTIONS = NO;
				ENABLE_STRICT_OBJC_MSGSEND = YES;
				GCC_C_LANGUAGE_STANDARD = gnu11;
				GCC_NO_COMMON_BLOCKS = YES;
				GCC_WARN_64_TO_32_BIT_CONVERSION = YES;
				GCC_WARN_ABOUT_RETURN_TYPE = YES_ERROR;
				GCC_WARN_UNDECLARED_SELECTOR = YES;
				GCC_WARN_UNINITIALIZED_AUTOS = YES_AGGRESSIVE;
				GCC_WARN_UNUSED_FUNCTION = YES;
				GCC_WARN_UNUSED_VARIABLE = YES;
				IPHONEOS_DEPLOYMENT_TARGET = 17.0;
				MTL_ENABLE_DEBUG_INFO = NO;
				MTL_FAST_MATH = YES;
				PRODUCT_NAME = "$(TARGET_NAME)";
				SDKROOT = iphoneos;
				SWIFT_COMPILATION_MODE = wholemodule;
				SWIFT_OPTIMIZATION_LEVEL = "-O";
				SWIFT_STRICT_CONCURRENCY = complete;
				SWIFT_VERSION = 6;
				TARGETED_DEVICE_FAMILY = 1;
			};
			name = Release;
		};
/* End XCBuildConfiguration section */

/* Begin XCConfigurationList section */
		522EFEE8C387ED1F0A12775A /* Build configuration list for PBXNativeTarget "DreamScapeTests" */ = {
			isa = XCConfigurationList;
			buildConfigurations = (
				53352255C69032E49E42CDB2 /* Debug */,
				3413EAB4382FA69635407294 /* Release */,
			);
			defaultConfigurationIsVisible = 0;
			defaultConfigurationName = Debug;
		};
		809989FE313ABDE07FDD21A1 /* Build configuration list for PBXNativeTarget "DreamScape" */ = {
			isa = XCConfigurationList;
			buildConfigurations = (
				60EBDEF3AC74C4B0A515994D /* Debug */,
				6CFC36CC9DADA4FA1E02813A /* Release */,
			);
			defaultConfigurationIsVisible = 0;
			defaultConfigurationName = Debug;
		};
		941B04CF9BB9243DC2436322 /* Build configuration list for PBXProject "DreamScape" */ = {
			isa = XCConfigurationList;
			buildConfigurations = (
				C53CD4215B3E63215A4DE2ED /* Debug */,
				D2C95D952274F52ABE74FCF4 /* Release */,
			);
			defaultConfigurationIsVisible = 0;
			defaultConfigurationName = Debug;
		};
/* End XCConfigurationList section */
	};
	rootObject = 539BFDD820806A2FD150151A /* Project object */;
}
