// !$*UTF8*$!
{
	archiveVersion = 1;
	classes = {
	};
	objectVersion = 77;
	objects = {

/* Begin PBXBuildFile section */
		0371487F25497F72AD0CAE0E /* SceneGeneratorClient.swift in Sources */ = {isa = PBXBuildFile; fileRef = 65CC9767F194EAF62AD2BC47 /* SceneGeneratorClient.swift */; };
		0458E65F449547EF63BE5880 /* DreamScapeTests.swift in Sources */ = {isa = PBXBuildFile; fileRef = 6515B6300C9A17E1A03F743D /* DreamScapeTests.swift */; };
		1F538509762B79691D40012E /* MoodPropagationEngine.swift in Sources */ = {isa = PBXBuildFile; fileRef = ED362AE59BD56D97C4274DB1 /* MoodPropagationEngine.swift */; };
		2035A69BFC917D1486AB5487 /* Mood.swift in Sources */ = {isa = PBXBuildFile; fileRef = 518D0E4A9E6FEA8951D459F1 /* Mood.swift */; };
		26759B2E648506B2B2AA3DD2 /* Assets.xcassets in Resources */ = {isa = PBXBuildFile; fileRef = 2DB77E3091890A5697732726 /* Assets.xcassets */; };
		280EDAEE3840F3868D3FEE1A /* ComposableArchitecture in Frameworks */ = {isa = PBXBuildFile; productRef = 6A7F8F1A44F25DCC14B48C20 /* ComposableArchitecture */; };
		30672B13518EFF747DC9CEFA /* SceneState.swift in Sources */ = {isa = PBXBuildFile; fileRef = B33D3482AFAF2AAF8539D4C6 /* SceneState.swift */; };
		3245177C8C3852F2B892E1DD /* DreamScapeApp.swift in Sources */ = {isa = PBXBuildFile; fileRef = 6E654769401F77D3ABEB2755 /* DreamScapeApp.swift */; };
		4107DC9D26D2274F758F8093 /* DreamScapeView.swift in Sources */ = {isa = PBXBuildFile; fileRef = 6223106E39EC3DB7C3B5FFA0 /* DreamScapeView.swift */; };
		5264E589670ED5FE585695AF /* DreamSession.swift in Sources */ = {isa = PBXBuildFile; fileRef = 5A7D77419AD7C7D7DE65DAC4 /* DreamSession.swift */; };
		5D30F8BEE32BF32E99BBFCE8 /* AudioLayerManager.swift in Sources */ = {isa = PBXBuildFile; fileRef = 712E191FE5CC31F6B6733285 /* AudioLayerManager.swift */; };
		656AA6F6DB3FE84CA193186A /* DreamScapeFeature.swift in Sources */ = {isa = PBXBuildFile; fileRef = EE614E59587FF5C5764F4297 /* DreamScapeFeature.swift */; };
		893639FB938E7A09998EA5C5 /* ContentView.swift in Sources */ = {isa = PBXBuildFile; fileRef = EBCA47501124104B696CB3A2 /* ContentView.swift */; };
		D12B00C367D167E9056E60A2 /* Supabase in Frameworks */ = {isa = PBXBuildFile; productRef = 9C67BC5F4E5F4FB780DF41A9 /* Supabase */; };
		DCB559050B5F0C47BC6273DC /* OpenClawCore in Frameworks */ = {isa = PBXBuildFile; productRef = E9F093D603E01C1354F44AD0 /* OpenClawCore */; };
		EA03DD142F5C14F87C9F7548 /* OpenClawSupabase in Frameworks */ = {isa = PBXBuildFile; productRef = 9C71E618173EA24C688A85B3 /* OpenClawSupabase */; };
		EEDE47CA90B0CC87E876131E /* SessionPersistenceClient.swift in Sources */ = {isa = PBXBuildFile; fileRef = 48AF50BCCFFB41BA23B82081 /* SessionPersistenceClient.swift */; };
/* End PBXBuildFile section */

/* Begin PBXContainerItemProxy section */
		6A6EFEEDA837727550510970 /* PBXContainerItemProxy */ = {
			isa = PBXContainerItemProxy;
			containerPortal = 539BFDD820806A2FD150151A /* Project object */;
			proxyType = 1;
			remoteGlobalIDString = AA64D66C99CCB2F41BC3D1B5;
			remoteInfo = DreamScape;
		};
/* End PBXContainerItemProxy section */

/* Begin PBXFileReference section */
		2DB77E3091890A5697732726 /* Assets.xcassets */ = {isa = PBXFileReference; lastKnownFileType = folder.assetcatalog; path = Assets.xcassets; sourceTree = "<group>"; };
		48AF50BCCFFB41BA23B82081 /* SessionPersistenceClient.swift */ = {isa = PBXFileReference; lastKnownFileType = sourcecode.swift; path = SessionPersistenceClient.swift; sourceTree = "<group>"; };
		518D0E4A9E6FEA8951D459F1 /* Mood.swift */ = {isa = PBXFileReference; lastKnownFileType = sourcecode.swift; path = Mood.swift; sourceTree = "<group>"; };
		5A7D77419AD7C7D7DE65DAC4 /* DreamSession.swift */ = {isa = PBXFileReference; lastKnownFileType = sourcecode.swift; path = DreamSession.swift; sourceTree = "<group>"; };
		6223106E39EC3DB7C3B5FFA0 /* DreamScapeView.swift */ = {isa = PBXFileReference; lastKnownFileType = sourcecode.swift; path = DreamScapeView.swift; sourceTree = "<group>"; };
		6515B6300C9A17E1A03F743D /* DreamScapeTests.swift */ = {isa = PBXFileReference; lastKnownFileType = sourcecode.swift; path = DreamScapeTests.swift; sourceTree = "<group>"; };
		65CC9767F194EAF62AD2BC47 /* SceneGeneratorClient.swift */ = {isa = PBXFileReference; lastKnownFileType = sourcecode.swift; path = SceneGeneratorClient.swift; sourceTree = "<group>"; };
		6E654769401F77D3ABEB2755 /* DreamScapeApp.swift */ = {isa = PBXFileReference; lastKnownFileType = sourcecode.swift; path = DreamScapeApp.swift; sourceTree = "<group>"; };
		712E191FE5CC31F6B6733285 /* AudioLayerManager.swift */ = {isa = PBXFileReference; lastKnownFileType = sourcecode.swift; path = AudioLayerManager.swift; sourceTree = "<group>"; };
		825CB5BC7A7B56A21C63BE14 /* DreamScape.app */ = {isa = PBXFileReference; includeInIndex = 0; lastKnownFileType = wrapper.application; path = DreamScape.app; sourceTree = BUILT_PRODUCTS_DIR; };
		84489D985408A03E27F4DE68 /* Info.plist */ = {isa = PBXFileReference; lastKnownFileType = text.plist; path = Info.plist; sourceTree = "<group>"; };
		ADB6C349BDC0BED6CE619973 /* DreamScapeTests.xctest */ = {isa = PBXFileReference; includeInIndex = 0; lastKnownFileType = wrapper.cfbundle; path = DreamScapeTests.xctest; sourceTree = BUILT_PRODUCTS_DIR; };
		B33D3482AFAF2AAF8539D4C6 /* SceneState.swift */ = {isa = PBXFileReference; lastKnownFileType = sourcecode.swift; path = SceneState.swift; sourceTree = "<group>"; };
		EBCA47501124104B696CB3A2 /* ContentView.swift */ = {isa = PBXFileReference; lastKnownFileType = sourcecode.swift; path = ContentView.swift; sourceTree = "<group>"; };
		ED362AE59BD56D97C4274DB1 /* MoodPropagationEngine.swift */ = {isa = PBXFileReference; lastKnownFileType = sourcecode.swift; path = MoodPropagationEngine.swift; sourceTree = "<group>"; };
		EE614E59587FF5C5764F4297 /* DreamScapeFeature.swift */ = {isa = PBXFileReference; lastKnownFileType = sourcecode.swift; path = DreamScapeFeature.swift; sourceTree = "<group>"; };
		F90F1D642CE7AB42852BB7DF /* DreamScape.entitlements */ = {isa = PBXFileReference; lastKnownFileType = text.plist.entitlements; path = DreamScape.entitlements; sourceTree = "<group>"; };
/* End PBXFileReference section */

/* Begin PBXFrameworksBuildPhase section */
		DC5A72FAC2494BE584B970A7 /* Frameworks */ = {
			isa = PBXFrameworksBuildPhase;
			buildActionMask = 2147483647;
			files = (
				280EDAEE3840F3868D3FEE1A /* ComposableArchitecture in Frameworks */,
				D12B00C367D167E9056E60A2 /* Supabase in Frameworks */,
				DCB559050B5F0C47BC6273DC /* OpenClawCore in Frameworks */,
				EA03DD142F5C14F87C9F7548 /* OpenClawSupabase in Frameworks */,
			);
			runOnlyForDeploymentPostprocessing = 0;
		};
/* End PBXFrameworksBuildPhase section */

/* Begin PBXGroup section */
		12CA6EF34C68A3B88C9E2F7A /* DreamScapeTests */ = {
			isa = PBXGroup;
			children = (
				6515B6300C9A17E1A03F743D /* DreamScapeTests.swift */,
			);
			path = DreamScapeTests;
			sourceTree = "<group>";
		};
		1CED0FAEB2DDD34EBCBF5D1F /* Services */ = {
			isa = PBXGroup;
			children = (
				712E191FE5CC31F6B6733285 /* AudioLayerManager.swift */,
				ED362AE59BD56D97C4274DB1 /* MoodPropagationEngine.swift */,
				65CC9767F194EAF62AD2BC47 /* SceneGeneratorClient.swift */,
				48AF50BCCFFB41BA23B82081 /* SessionPersistenceClient.swift */,
			);
			path = Services;
			sourceTree = "<group>";
		};
		3A25AC3FDDA4EB99AF97FD61 /* Models */ = {
			isa = PBXGroup;
			children = (
				5A7D77419AD7C7D7DE65DAC4 /* DreamSession.swift */,
				518D0E4A9E6FEA8951D459F1 /* Mood.swift */,
				B33D3482AFAF2AAF8539D4C6 /* SceneState.swift */,
			);
			path = Models;
			sourceTree = "<group>";
		};
		A848D0264C765798BCE540D0 = {
			isa = PBXGroup;
			children = (
				E977EAA341B52951746EF4C8 /* DreamScape */,
				12CA6EF34C68A3B88C9E2F7A /* DreamScapeTests */,
				C83ACC8A7FA99C80F55BAD59 /* Products */,
			);
			sourceTree = "<group>";
		};
		BD9E7F5348465CF37B2DE251 /* Features */ = {
			isa = PBXGroup;
			children = (
				EE614E59587FF5C5764F4297 /* DreamScapeFeature.swift */,
				6223106E39EC3DB7C3B5FFA0 /* DreamScapeView.swift */,
			);
			path = Features;
			sourceTree = "<group>";
		};
		C83ACC8A7FA99C80F55BAD59 /* Products */ = {
			isa = PBXGroup;
			children = (
				825CB5BC7A7B56A21C63BE14 /* DreamScape.app */,
				ADB6C349BDC0BED6CE619973 /* DreamScapeTests.xctest */,
			);
			name = Products;
			sourceTree = "<group>";
		};
		E977EAA341B52951746EF4C8 /* DreamScape */ = {
			isa = PBXGroup;
			children = (
				2DB77E3091890A5697732726 /* Assets.xcassets */,
				EBCA47501124104B696CB3A2 /* ContentView.swift */,
				F90F1D642CE7AB42852BB7DF /* DreamScape.entitlements */,
				6E654769401F77D3ABEB2755 /* DreamScapeApp.swift */,
				84489D985408A03E27F4DE68 /* Info.plist */,
				BD9E7F5348465CF37B2DE251 /* Features */,
				3A25AC3FDDA4EB99AF97FD61 /* Models */,
				1CED0FAEB2DDD34EBCBF5D1F /* Services */,
			);
			path = DreamScape;
			sourceTree = "<group>";
		};
/* End PBXGroup section */

/* Begin PBXNativeTarget section */
		AA64D66C99CCB2F41BC3D1B5 /* DreamScape */ = {
			isa = PBXNativeTarget;
			buildConfigurationList = 809989FE313ABDE07FDD21A1 /* Build configuration list for PBXNativeTarget "DreamScape" */;
			buildPhases = (
				BDEE5A7CDBBA9E6CF01FE80C /* Sources */,
				5E96FAE7F86411840DE12579 /* Resources */,
				DC5A72FAC2494BE584B970A7 /* Frameworks */,
			);
			buildRules = (
			);
			dependencies = (
			);
			name = DreamScape;
			packageProductDependencies = (
				6A7F8F1A44F25DCC14B48C20 /* ComposableArchitecture */,
				9C67BC5F4E5F4FB780DF41A9 /* Supabase */,
				E9F093D603E01C1354F44AD0 /* OpenClawCore */,
				9C71E618173EA24C688A85B3 /* OpenClawSupabase */,
			);
			productName = DreamScape;
			productReference = 825CB5BC7A7B56A21C63BE14 /* DreamScape.app */;
			productType = "com.apple.product-type.application";
		};
		FFAEB44777E1DF42BCB5905C /* DreamScapeTests */ = {
			isa = PBXNativeTarget;
			buildConfigurationList = 522EFEE8C387ED1F0A12775A /* Build configuration list for PBXNativeTarget "DreamScapeTests" */;
			buildPhases = (
				2D968B1B6B60E9E13A9CCFDF /* Sources */,
			);
			buildRules = (
			);
			dependencies = (
				D0258FE20474A9675BBBD333 /* PBXTargetDependency */,
			);
			name = DreamScapeTests;
			packageProductDependencies = (
			);
			productName = DreamScapeTests;
			productReference = ADB6C349BDC0BED6CE619973 /* DreamScapeTests.xctest */;
			productType = "com.apple.product-type.bundle.unit-test";
		};
/* End PBXNativeTarget section */

/* Begin PBXProject section */
		539BFDD820806A2FD150151A /* Project object */ = {
			isa = PBXProject;
			attributes = {
				BuildIndependentTargetsInParallel = YES;
				LastUpgradeCheck = 1600;
				TargetAttributes = {
					AA64D66C99CCB2F41BC3D1B5 = {
						DevelopmentTeam = 8643C988C4;
						ProvisioningStyle = Automatic;
					};
				};
			};
			buildConfigurationList = 941B04CF9BB9243DC2436322 /* Build configuration list for PBXProject "DreamScape" */;
			compatibilityVersion = "Xcode 14.0";
			developmentRegion = en;
			hasScannedForEncodings = 0;
			knownRegions = (
				Base,
				en,
			);
			mainGroup = A848D0264C765798BCE540D0;
			minimizedProjectReferenceProxies = 1;
			packageReferences = (
				48828587F174C0BAC0A740C3 /* XCRemoteSwiftPackageReference "swift-composable-architecture" */,
				1211568ECD646C24793EB8DA /* XCRemoteSwiftPackageReference "OpenClawKit" */,
				365AAA91138C3D8FDC849DF3 /* XCRemoteSwiftPackageReference "supabase-swift" */,
			);
			preferredProjectObjectVersion = 77;
			projectDirPath = "";
			projectRoot = "";
			targets = (
				AA64D66C99CCB2F41BC3D1B5 /* DreamScape */,
				FFAEB44777E1DF42BCB5905C /* DreamScapeTests */,
			);
		};
/* End PBXProject section */

/* Begin PBXResourcesBuildPhase section */
		5E96FAE7F86411840DE12579 /* Resources */ = {
			isa = PBXResourcesBuildPhase;
			buildActionMask = 2147483647;
			files = (
				26759B2E648506B2B2AA3DD2 /* Assets.xcassets in Resources */,
			);
			runOnlyForDeploymentPostprocessing = 0;
		};
/* End PBXResourcesBuildPhase section */

/* Begin PBXSourcesBuildPhase section */
		2D968B1B6B60E9E13A9CCFDF /* Sources */ = {
			isa = PBXSourcesBuildPhase;
			buildActionMask = 2147483647;
			files = (
				0458E65F449547EF63BE5880 /* DreamScapeTests.swift in Sources */,
			);
			runOnlyForDeploymentPostprocessing = 0;
		};
		BDEE5A7CDBBA9E6CF01FE80C /* Sources */ = {
			isa = PBXSourcesBuildPhase;
			buildActionMask = 2147483647;
			files = (
				5D30F8BEE32BF32E99BBFCE8 /* AudioLayerManager.swift in Sources */,
				893639FB938E7A09998EA5C5 /* ContentView.swift in Sources */,
				3245177C8C3852F2B892E1DD /* DreamScapeApp.swift in Sources */,
				656AA6F6DB3FE84CA193186A /* DreamScapeFeature.swift in Sources */,
				4107DC9D26D2274F758F8093 /* DreamScapeView.swift in Sources */,
				5264E589670ED5FE585695AF /* DreamSession.swift in Sources */,
				2035A69BFC917D1486AB5487 /* Mood.swift in Sources */,
				1F538509762B79691D40012E /* MoodPropagationEngine.swift in Sources */,
				0371487F25497F72AD0CAE0E /* SceneGeneratorClient.swift in Sources */,
				30672B13518EFF747DC9CEFA /* SceneState.swift in Sources */,
				EEDE47CA90B0CC87E876131E /* SessionPersistenceClient.swift in Sources */,
			);
			runOnlyForDeploymentPostprocessing = 0;
		};
/* End PBXSourcesBuildPhase section */

/* Begin PBXTargetDependency section */
		D0258FE20474A9675BBBD333 /* PBXTargetDependency */ = {
			isa = PBXTargetDependency;
			target = AA64D66C99CCB2F41BC3D1B5 /* DreamScape */;
			targetProxy = 6A6EFEEDA837727550510970 /* PBXContainerItemProxy */;
		};
/* End PBXTargetDependency section */

/* Begin XCBuildConfiguration section */
		3413EAB4382FA69635407294 /* Release */ = {
			isa = XCBuildConfiguration;
			buildSettings = {
				BUNDLE_LOADER = "$(TEST_HOST)";
				LD_RUNPATH_SEARCH_PATHS = (
					"$(inherited)",
					"@executable_path/Frameworks",
					"@loader_path/Frameworks",
				);
				PRODUCT_BUNDLE_IDENTIFIER = com.openclaw.dreamscape.tests;
				SDKROOT = iphoneos;
				TARGETED_DEVICE_FAMILY = "1,2";
				TEST_HOST = "$(BUILT_PRODUCTS_DIR)/DreamScape.app/DreamScape";
			};
			name = Release;
		};
		53352255C69032E49E42CDB2 /* Debug */ = {
			isa = XCBuildConfiguration;
			buildSettings = {
				BUNDLE_LOADER = "$(TEST_HOST)";
				LD_RUNPATH_SEARCH_PATHS = (
					"$(inherited)",
					"@executable_path/Frameworks",
					"@loader_path/Frameworks",
				);
				PRODUCT_BUNDLE_IDENTIFIER = com.openclaw.dreamscape.tests;
				SDKROOT = iphoneos;
				TARGETED_DEVICE_FAMILY = "1,2";
				TEST_HOST = "$(BUILT_PRODUCTS_DIR)/DreamScape.app/DreamScape";
			};
			name = Debug;
		};
		60EBDEF3AC74C4B0A515994D /* Debug */ = {
			isa = XCBuildConfiguration;
			buildSettings = {
				ASSETCATALOG_COMPILER_APPICON_NAME = AppIcon;
				CODE_SIGN_IDENTITY = "iPhone Developer";
				CODE_SIGN_STYLE = Automatic;
				CURRENT_PROJECT_VERSION = 2;
				DEVELOPMENT_TEAM = 8643C988C4;
				ENABLE_PREVIEWS = YES;
				INFOPLIST_FILE = DreamScape/Info.plist;
				LD_RUNPATH_SEARCH_PATHS = (
					"$(inherited)",
					"@executable_path/Frameworks",
				);
				MARKETING_VERSION = 1.0.0;
				PRODUCT_BUNDLE_IDENTIFIER = com.openclaw.dreamscape;
				SDKROOT = iphoneos;
				TARGETED_DEVICE_FAMILY = "1,2";
			};
			name = Debug;
		};
		6CFC36CC9DADA4FA1E02813A /* Release */ = {
			isa = XCBuildConfiguration;
			buildSettings = {
				ASSETCATALOG_COMPILER_APPICON_NAME = AppIcon;
				CODE_SIGN_IDENTITY = "iPhone Developer";
				CODE_SIGN_STYLE = Automatic;
				CURRENT_PROJECT_VERSION = 2;
				DEVELOPMENT_TEAM = 8643C988C4;
				ENABLE_PREVIEWS = YES;
				INFOPLIST_FILE = DreamScape/Info.plist;
				LD_RUNPATH_SEARCH_PATHS = (
					"$(inherited)",
					"@executable_path/Frameworks",
				);
				MARKETING_VERSION = 1.0.0;
				PRODUCT_BUNDLE_IDENTIFIER = com.openclaw.dreamscape;
				SDKROOT = iphoneos;
				TARGETED_DEVICE_FAMILY = "1,2";
			};
			name = Release;
		};
		C53CD4215B3E63215A4DE2ED /* Debug */ = {
			isa = XCBuildConfiguration;
			buildSettings = {
				ALWAYS_SEARCH_USER_PATHS = NO;
				CLANG_ANALYZER_NONNULL = YES;
				CLANG_ANALYZER_NUMBER_OBJECT_CONVERSION = YES_AGGRESSIVE;
				CLANG_CXX_LANGUAGE_STANDARD = "gnu++14";
				CLANG_CXX_LIBRARY = "libc++";
				CLANG_ENABLE_MODULES = YES;
				CLANG_ENABLE_OBJC_ARC = YES;
				CLANG_ENABLE_OBJC_WEAK = YES;
				CLANG_WARN_BLOCK_CAPTURE_AUTORELEASING = YES;
				CLANG_WARN_BOOL_CONVERSION = YES;
				CLANG_WARN_COMMA = YES;
				CLANG_WARN_CONSTANT_CONVERSION = YES;
				CLANG_WARN_DEPRECATED_OBJC_IMPLEMENTATIONS = YES;
				CLANG_WARN_DIRECT_OBJC_ISA_USAGE = YES_ERROR;
				CLANG_WARN_DOCUMENTATION_COMMENTS = YES;
				CLANG_WARN_EMPTY_BODY = YES;
				CLANG_WARN_ENUM_CONVERSION = YES;
				CLANG_WARN_INFINITE_RECURSION = YES;
				CLANG_WARN_INT_CONVERSION = YES;
				CLANG_WARN_NON_LITERAL_NULL_CONVERSION = YES;
				CLANG_WARN_OBJC_IMPLICIT_RETAIN_SELF = YES;
				CLANG_WARN_OBJC_LITERAL_CONVERSION = YES;
				CLANG_WARN_OBJC_ROOT_CLASS = YES_ERROR;
				CLANG_WARN_QUOTED_INCLUDE_IN_FRAMEWORK_HEADER = YES;
				CLANG_WARN_RANGE_LOOP_ANALYSIS = YES;
				CLANG_WARN_STRICT_PROTOTYPES = YES;
				CLANG_WARN_SUSPICIOUS_MOVE = YES;
				CLANG_WARN_UNGUARDED_AVAILABILITY = YES_AGGRESSIVE;
				CLANG_WARN_UNREACHABLE_CODE = YES;
				CLANG_WARN__DUPLICATE_METHOD_MATCH = YES;
				COPY_PHASE_STRIP = NO;
				DEBUG_INFORMATION_FORMAT = dwarf;
				ENABLE_STRICT_OBJC_MSGSEND = YES;
				ENABLE_TESTABILITY = YES;
				GCC_C_LANGUAGE_STANDARD = gnu11;
				GCC_DYNAMIC_NO_PIC = NO;
				GCC_NO_COMMON_BLOCKS = YES;
				GCC_OPTIMIZATION_LEVEL = 0;
				GCC_PREPROCESSOR_DEFINITIONS = (
					"$(inherited)",
					"DEBUG=1",
				);
				GCC_WARN_64_TO_32_BIT_CONVERSION = YES;
				GCC_WARN_ABOUT_RETURN_TYPE = YES_ERROR;
				GCC_WARN_UNDECLARED_SELECTOR = YES;
				GCC_WARN_UNINITIALIZED_AUTOS = YES_AGGRESSIVE;
				GCC_WARN_UNUSED_FUNCTION = YES;
				GCC_WARN_UNUSED_VARIABLE = YES;
				IPHONEOS_DEPLOYMENT_TARGET = 17.0;
				MTL_ENABLE_DEBUG_INFO = INCLUDE_SOURCE;
				MTL_FAST_MATH = YES;
				ONLY_ACTIVE_ARCH = YES;
				PRODUCT_NAME = "$(TARGET_NAME)";
				SDKROOT = iphoneos;
				SWIFT_ACTIVE_COMPILATION_CONDITIONS = DEBUG;
				SWIFT_OPTIMIZATION_LEVEL = "-Onone";
				SWIFT_STRICT_CONCURRENCY = complete;
				SWIFT_VERSION = 5;
				TARGETED_DEVICE_FAMILY = 1;
			};
			name = Debug;
		};
		D2C95D952274F52ABE74FCF4 /* Release */ = {
			isa = XCBuildConfiguration;
			buildSettings = {
				ALWAYS_SEARCH_USER_PATHS = NO;
				CLANG_ANALYZER_NONNULL = YES;
				CLANG_ANALYZER_NUMBER_OBJECT_CONVERSION = YES_AGGRESSIVE;
				CLANG_CXX_LANGUAGE_STANDARD = "gnu++14";
				CLANG_CXX_LIBRARY = "libc++";
				CLANG_ENABLE_MODULES = YES;
				CLANG_ENABLE_OBJC_ARC = YES;
				CLANG_ENABLE_OBJC_WEAK = YES;
				CLANG_WARN_BLOCK_CAPTURE_AUTORELEASING = YES;
				CLANG_WARN_BOOL_CONVERSION = YES;
				CLANG_WARN_COMMA = YES;
				CLANG_WARN_CONSTANT_CONVERSION = YES;
				CLANG_WARN_DEPRECATED_OBJC_IMPLEMENTATIONS = YES;
				CLANG_WARN_DIRECT_OBJC_ISA_USAGE = YES_ERROR;
				CLANG_WARN_DOCUMENTATION_COMMENTS = YES;
				CLANG_WARN_EMPTY_BODY = YES;
				CLANG_WARN_ENUM_CONVERSION = YES;
				CLANG_WARN_INFINITE_RECURSION = YES;
				CLANG_WARN_INT_CONVERSION = YES;
				CLANG_WARN_NON_LITERAL_NULL_CONVERSION = YES;
				CLANG_WARN_OBJC_IMPLICIT_RETAIN_SELF = YES;
				CLANG_WARN_OBJC_LITERAL_CONVERSION = YES;
				CLANG_WARN_OBJC_ROOT_CLASS = YES_ERROR;
				CLANG_WARN_QUOTED_INCLUDE_IN_FRAMEWORK_HEADER = YES;
				CLANG_WARN_RANGE_LOOP_ANALYSIS = YES;
				CLANG_WARN_STRICT_PROTOTYPES = YES;
				CLANG_WARN_SUSPICIOUS_MOVE = YES;
				CLANG_WARN_UNGUARDED_AVAILABILITY = YES_AGGRESSIVE;
				CLANG_WARN_UNREACHABLE_CODE = YES;
				CLANG_WARN__DUPLICATE_METHOD_MATCH = YES;
				COPY_PHASE_STRIP = NO;
				DEBUG_INFORMATION_FORMAT = "dwarf-with-dsym";
				ENABLE_NS_ASSERTIONS = NO;
				ENABLE_STRICT_OBJC_MSGSEND = YES;
				GCC_C_LANGUAGE_STANDARD = gnu11;
				GCC_NO_COMMON_BLOCKS = YES;
				GCC_WARN_64_TO_32_BIT_CONVERSION = YES;
				GCC_WARN_ABOUT_RETURN_TYPE = YES_ERROR;
				GCC_WARN_UNDECLARED_SELECTOR = YES;
				GCC_WARN_UNINITIALIZED_AUTOS = YES_AGGRESSIVE;
				GCC_WARN_UNUSED_FUNCTION = YES;
				GCC_WARN_UNUSED_VARIABLE = YES;
				IPHONEOS_DEPLOYMENT_TARGET = 17.0;
				MTL_ENABLE_DEBUG_INFO = NO;
				MTL_FAST_MATH = YES;
				PRODUCT_NAME = "$(TARGET_NAME)";
				SDKROOT = iphoneos;
				SWIFT_COMPILATION_MODE = wholemodule;
				SWIFT_OPTIMIZATION_LEVEL = "-O";
				SWIFT_STRICT_CONCURRENCY = complete;
				SWIFT_VERSION = 5;
				TARGETED_DEVICE_FAMILY = 1;
			};
			name = Release;
		};
/* End XCBuildConfiguration section */

/* Begin XCConfigurationList section */
		522EFEE8C387ED1F0A12775A /* Build configuration list for PBXNativeTarget "DreamScapeTests" */ = {
			isa = XCConfigurationList;
			buildConfigurations = (
				53352255C69032E49E42CDB2 /* Debug */,
				3413EAB4382FA69635407294 /* Release */,
			);
			defaultConfigurationIsVisible = 0;
			defaultConfigurationName = Debug;
		};
		809989FE313ABDE07FDD21A1 /* Build configuration list for PBXNativeTarget "DreamScape" */ = {
			isa = XCConfigurationList;
			buildConfigurations = (
				60EBDEF3AC74C4B0A515994D /* Debug */,
				6CFC36CC9DADA4FA1E02813A /* Release */,
			);
			defaultConfigurationIsVisible = 0;
			defaultConfigurationName = Debug;
		};
		941B04CF9BB9243DC2436322 /* Build configuration list for PBXProject "DreamScape" */ = {
			isa = XCConfigurationList;
			buildConfigurations = (
				C53CD4215B3E63215A4DE2ED /* Debug */,
				D2C95D952274F52ABE74FCF4 /* Release */,
			);
			defaultConfigurationIsVisible = 0;
			defaultConfigurationName = Debug;
		};
/* End XCConfigurationList section */

/* Begin XCRemoteSwiftPackageReference section */
		1211568ECD646C24793EB8DA /* XCRemoteSwiftPackageReference "OpenClawKit" */ = {
			isa = XCRemoteSwiftPackageReference;
			repositoryURL = "https://github.com/Diomandeee/OpenClawKit";
			requirement = {
				kind = exactVersion;
				version = 1.0.2;
			};
		};
		365AAA91138C3D8FDC849DF3 /* XCRemoteSwiftPackageReference "supabase-swift" */ = {
			isa = XCRemoteSwiftPackageReference;
			repositoryURL = "https://github.com/supabase/supabase-swift";
			requirement = {
				kind = upToNextMajorVersion;
				minimumVersion = 2.0.0;
			};
		};
		48828587F174C0BAC0A740C3 /* XCRemoteSwiftPackageReference "swift-composable-architecture" */ = {
			isa = XCRemoteSwiftPackageReference;
			repositoryURL = "https://github.com/pointfreeco/swift-composable-architecture";
			requirement = {
				kind = upToNextMajorVersion;
				minimumVersion = 1.17.0;
			};
		};
/* End XCRemoteSwiftPackageReference section */

/* Begin XCSwiftPackageProductDependency section */
		6A7F8F1A44F25DCC14B48C20 /* ComposableArchitecture */ = {
			isa = XCSwiftPackageProductDependency;
			package = 48828587F174C0BAC0A740C3 /* XCRemoteSwiftPackageReference "swift-composable-architecture" */;
			productName = ComposableArchitecture;
		};
		9C67BC5F4E5F4FB780DF41A9 /* Supabase */ = {
			isa = XCSwiftPackageProductDependency;
			package = 365AAA91138C3D8FDC849DF3 /* XCRemoteSwiftPackageReference "supabase-swift" */;
			productName = Supabase;
		};
		9C71E618173EA24C688A85B3 /* OpenClawSupabase */ = {
			isa = XCSwiftPackageProductDependency;
			package = 1211568ECD646C24793EB8DA /* XCRemoteSwiftPackageReference "OpenClawKit" */;
			productName = OpenClawSupabase;
		};
		E9F093D603E01C1354F44AD0 /* OpenClawCore */ = {
			isa = XCSwiftPackageProductDependency;
			package = 1211568ECD646C24793EB8DA /* XCRemoteSwiftPackageReference "OpenClawKit" */;
			productName = OpenClawCore;
		};
/* End XCSwiftPackageProductDependency section */
	};
	rootObject = 539BFDD820806A2FD150151A /* Project object */;
}
